
Microsoft Visual Studio Solution File, Format Version 12.00
# Visual Studio Version 16
VisualStudioVersion = 16.0.29215.179
MinimumVisualStudioVersion = 10.0.40219.1
Project("{FAE04EC0-301F-11D3-BF4B-00C04F79EFBC}") = "SGBank.UI", "SGBank.UI\SGBank.UI.csproj", "{DE098B45-FA6C-44B4-B5CE-DBCDC95FBB5B}"
EndProject
Project("{FAE04EC0-301F-11D3-BF4B-00C04F79EFBC}") = "SGBank.Models", "SGBank.Models\SGBank.Models.csproj", "{61723F62-7B98-4272-9655-5C7AAC30AE6D}"
EndProject
Project("{FAE04EC0-301F-11D3-BF4B-00C04F79EFBC}") = "SGBank.BLL", "SGBank.BLL\SGBank.BLL.csproj", "{E967E60D-6FD3-460D-8B9A-072EA5028AC4}"
EndProject
Project("{FAE04EC0-301F-11D3-BF4B-00C04F79EFBC}") = "SGBank.Data", "SGBank.Data\SGBank.Data.csproj", "{396197A5-5922-4879-B385-0B128BD3AEC5}"
EndProject
Project("{FAE04EC0-301F-11D3-BF4B-00C04F79EFBC}") = "SGBank.Tests", "SGBank.Tests\SGBank.Tests.csproj", "{ACDBF6B0-D3FF-4974-8F63-D1D67049BDCD}"
EndProject
Global
	GlobalSection(SolutionConfigurationPlatforms) = preSolution
		Debug|Any CPU = Debug|Any CPU
		Release|Any CPU = Release|Any CPU
	EndGlobalSection
	GlobalSection(ProjectConfigurationPlatforms) = postSolution
		{DE098B45-FA6C-44B4-B5CE-DBCDC95FBB5B}.Debug|Any CPU.ActiveCfg = Debug|Any CPU
		{DE098B45-FA6C-44B4-B5CE-DBCDC95FBB5B}.Debug|Any CPU.Build.0 = Debug|Any CPU
		{DE098B45-FA6C-44B4-B5CE-DBCDC95FBB5B}.Release|Any CPU.ActiveCfg = Release|Any CPU
		{DE098B45-FA6C-44B4-B5CE-DBCDC95FBB5B}.Release|Any CPU.Build.0 = Release|Any CPU
		{61723F62-7B98-4272-9655-5C7AAC30AE6D}.Debug|Any CPU.ActiveCfg = Debug|Any CPU
		{61723F62-7B98-4272-9655-5C7AAC30AE6D}.Debug|Any CPU.Build.0 = Debug|Any CPU
		{61723F62-7B98-4272-9655-5C7AAC30AE6D}.Release|Any CPU.ActiveCfg = Release|Any CPU
		{61723F62-7B98-4272-9655-5C7AAC30AE6D}.Release|Any CPU.Build.0 = Release|Any CPU
		{E967E60D-6FD3-460D-8B9A-072EA5028AC4}.Debug|Any CPU.ActiveCfg = Debug|Any CPU
		{E967E60D-6FD3-460D-8B9A-072EA5028AC4}.Debug|Any CPU.Build.0 = Debug|Any CPU
		{E967E60D-6FD3-460D-8B9A-072EA5028AC4}.Release|Any CPU.ActiveCfg = Release|Any CPU
		{E967E60D-6FD3-460D-8B9A-072EA5028AC4}.Release|Any CPU.Build.0 = Release|Any CPU
		{396197A5-5922-4879-B385-0B128BD3AEC5}.Debug|Any CPU.ActiveCfg = Debug|Any CPU
		{396197A5-5922-4879-B385-0B128BD3AEC5}.Debug|Any CPU.Build.0 = Debug|Any CPU
		{396197A5-5922-4879-B385-0B128BD3AEC5}.Release|Any CPU.ActiveCfg = Release|Any CPU
		{396197A5-5922-4879-B385-0B128BD3AEC5}.Release|Any CPU.Build.0 = Release|Any CPU
		{ACDBF6B0-D3FF-4974-8F63-D1D67049BDCD}.Debug|Any CPU.ActiveCfg = Debug|Any CPU
		{ACDBF6B0-D3FF-4974-8F63-D1D67049BDCD}.Debug|Any CPU.Build.0 = Debug|Any CPU
		{ACDBF6B0-D3FF-4974-8F63-D1D67049BDCD}.Release|Any CPU.ActiveCfg = Release|Any CPU
		{ACDBF6B0-D3FF-4974-8F63-D1D67049BDCD}.Release|Any CPU.Build.0 = Release|Any CPU
	EndGlobalSection
	GlobalSection(SolutionProperties) = preSolution
		HideSolutionNode = FALSE
	EndGlobalSection
	GlobalSection(ExtensibilityGlobals) = postSolution
		SolutionGuid = {77505D77-88F2-48B7-BD9F-4A4752F92EE1}
	EndGlobalSection
EndGlobal
