
Microsoft Visual Studio Solution File, Format Version 12.00
# Visual Studio Version 16
VisualStudioVersion = 16.0.29209.62
MinimumVisualStudioVersion = 10.0.40219.1
Project("{FAE04EC0-301F-11D3-BF4B-00C04F79EFBC}") = "CDManager", "CDManager\CDManager.csproj", "{0237AE7E-E7FE-4A74-B6F7-6A237A40EC3B}"
EndProject
Project("{FAE04EC0-301F-11D3-BF4B-00C04F79EFBC}") = "CDManager.Controllers", "CDManager.Controllers\CDManager.Controllers.csproj", "{CAB460F3-197B-4C56-AD7D-CAFB699D916C}"
EndProject
Project("{FAE04EC0-301F-11D3-BF4B-00C04F79EFBC}") = "CDManager.Models", "CDManager.Models\CDManager.Models.csproj", "{F80D6639-ABB4-41CD-A3C0-3BEE0CB924BE}"
EndProject
Project("{FAE04EC0-301F-11D3-BF4B-00C04F79EFBC}") = "CDManager.Data", "CDManager.Data\CDManager.Data.csproj", "{0B178941-835E-408E-860C-3FE03FBFD395}"
EndProject
Project("{FAE04EC0-301F-11D3-BF4B-00C04F79EFBC}") = "CDManager.View", "CDManager.View\CDManager.View.csproj", "{A006E7C4-7C39-40B3-BE5B-402DE55EBE86}"
EndProject
Global
	GlobalSection(SolutionConfigurationPlatforms) = preSolution
		Debug|Any CPU = Debug|Any CPU
		Release|Any CPU = Release|Any CPU
	EndGlobalSection
	GlobalSection(ProjectConfigurationPlatforms) = postSolution
		{0237AE7E-E7FE-4A74-B6F7-6A237A40EC3B}.Debug|Any CPU.ActiveCfg = Debug|Any CPU
		{0237AE7E-E7FE-4A74-B6F7-6A237A40EC3B}.Debug|Any CPU.Build.0 = Debug|Any CPU
		{0237AE7E-E7FE-4A74-B6F7-6A237A40EC3B}.Release|Any CPU.ActiveCfg = Release|Any CPU
		{0237AE7E-E7FE-4A74-B6F7-6A237A40EC3B}.Release|Any CPU.Build.0 = Release|Any CPU
		{CAB460F3-197B-4C56-AD7D-CAFB699D916C}.Debug|Any CPU.ActiveCfg = Debug|Any CPU
		{CAB460F3-197B-4C56-AD7D-CAFB699D916C}.Debug|Any CPU.Build.0 = Debug|Any CPU
		{CAB460F3-197B-4C56-AD7D-CAFB699D916C}.Release|Any CPU.ActiveCfg = Release|Any CPU
		{CAB460F3-197B-4C56-AD7D-CAFB699D916C}.Release|Any CPU.Build.0 = Release|Any CPU
		{F80D6639-ABB4-41CD-A3C0-3BEE0CB924BE}.Debug|Any CPU.ActiveCfg = Debug|Any CPU
		{F80D6639-ABB4-41CD-A3C0-3BEE0CB924BE}.Debug|Any CPU.Build.0 = Debug|Any CPU
		{F80D6639-ABB4-41CD-A3C0-3BEE0CB924BE}.Release|Any CPU.ActiveCfg = Release|Any CPU
		{F80D6639-ABB4-41CD-A3C0-3BEE0CB924BE}.Release|Any CPU.Build.0 = Release|Any CPU
		{0B178941-835E-408E-860C-3FE03FBFD395}.Debug|Any CPU.ActiveCfg = Debug|Any CPU
		{0B178941-835E-408E-860C-3FE03FBFD395}.Debug|Any CPU.Build.0 = Debug|Any CPU
		{0B178941-835E-408E-860C-3FE03FBFD395}.Release|Any CPU.ActiveCfg = Release|Any CPU
		{0B178941-835E-408E-860C-3FE03FBFD395}.Release|Any CPU.Build.0 = Release|Any CPU
		{A006E7C4-7C39-40B3-BE5B-402DE55EBE86}.Debug|Any CPU.ActiveCfg = Debug|Any CPU
		{A006E7C4-7C39-40B3-BE5B-402DE55EBE86}.Debug|Any CPU.Build.0 = Debug|Any CPU
		{A006E7C4-7C39-40B3-BE5B-402DE55EBE86}.Release|Any CPU.ActiveCfg = Release|Any CPU
		{A006E7C4-7C39-40B3-BE5B-402DE55EBE86}.Release|Any CPU.Build.0 = Release|Any CPU
	EndGlobalSection
	GlobalSection(SolutionProperties) = preSolution
		HideSolutionNode = FALSE
	EndGlobalSection
	GlobalSection(ExtensibilityGlobals) = postSolution
		SolutionGuid = {9049EFE3-4C02-4624-BAF7-10C4DD17D227}
	EndGlobalSection
EndGlobal
